<?xml version="1.0" encoding="utf-8"?>
<Project ToolsVersion="4.0" xmlns="http://schemas.microsoft.com/developer/msbuild/2003">
  <ItemGroup>
    <Filter Include="Resource Files">
      <UniqueIdentifier>{D9D6E242-F8AF-46E4-B9FD-80ECBC20BA3E}</UniqueIdentifier>
      <Extensions>qrc;*</Extensions>
      <ParseFiles>false</ParseFiles>
    </Filter>
    <Filter Include="Form Files">
      <UniqueIdentifier>{99349809-55BA-4b9d-BF79-8FDBB0286EB3}</UniqueIdentifier>
      <Extensions>ui</Extensions>
    </Filter>
    <Filter Include="Resource Files">
      <UniqueIdentifier>{D9D6E242-F8AF-46E4-B9FD-80ECBC20BA3E}</UniqueIdentifier>
      <Extensions>qrc;*</Extensions>
      <ParseFiles>false</ParseFiles>
    </Filter>
    <Filter Include="Generated Files">
      <UniqueIdentifier>{99d6e2d5-0d6e-4115-9651-9ffc027c6446}</UniqueIdentifier>
    </Filter>
    <Filter Include="Notepad">
      <UniqueIdentifier>{3022ed08-a037-46bd-aefb-3501a859e738}</UniqueIdentifier>
    </Filter>
    <Filter Include="Graphic Objects">
      <UniqueIdentifier>{22ea1544-72a8-4268-8f65-56da8c3d86e9}</UniqueIdentifier>
    </Filter>
    <Filter Include="Utilities">
      <UniqueIdentifier>{5198bf5b-a236-4107-aabe-ed2300768358}</UniqueIdentifier>
    </Filter>
    <Filter Include="FlowChartEditor">
      <UniqueIdentifier>{2abe3443-8019-4a30-bcbc-f09c5b593561}</UniqueIdentifier>
    </Filter>
    <Filter Include="FlowChartEditor\Commands">
      <UniqueIdentifier>{cac6ee49-74fd-48e2-876c-dfb09874cf98}</UniqueIdentifier>
    </Filter>
    <Filter Include="FlowChartEditor\Edit">
      <UniqueIdentifier>{7cd64636-f587-4953-89af-44eb7c91eed0}</UniqueIdentifier>
    </Filter>
    <Filter Include="FlowChartEditor\File Processing">
      <UniqueIdentifier>{cccb5fb7-5281-44ba-931b-915e0d26c7c3}</UniqueIdentifier>
    </Filter>
    <Filter Include="FlowChartEditor\Form Files">
      <UniqueIdentifier>{a39cb778-5296-4948-9880-6f6b92a7f9d8}</UniqueIdentifier>
    </Filter>
    <Filter Include="FlowChartEditor\Interface">
      <UniqueIdentifier>{9b5f74a8-7ea4-4531-84b9-c76bdd8f88c0}</UniqueIdentifier>
    </Filter>
    <Filter Include="FlowChartEditor\KeyActions">
      <UniqueIdentifier>{e0edda57-9b93-49e8-bf67-fd06ab6c20f4}</UniqueIdentifier>
    </Filter>
    <Filter Include="FlowChartEditor\Observer">
      <UniqueIdentifier>{df9f67e7-f947-4939-8d40-00217fed83f8}</UniqueIdentifier>
    </Filter>
    <Filter Include="FlowChartEditor\Paint">
      <UniqueIdentifier>{08ceac0e-ad40-4d2d-8f1d-612d1a663ae3}</UniqueIdentifier>
    </Filter>
    <Filter Include="FlowChartEditor\Tools">
      <UniqueIdentifier>{8c97ef29-a5b2-4031-8f8a-1fb746eb7984}</UniqueIdentifier>
    </Filter>
    <Filter Include="FlowChartEditor\UnRedo">
      <UniqueIdentifier>{4be8963f-dedb-487e-93da-1fd72a89609c}</UniqueIdentifier>
    </Filter>
  </ItemGroup>
  <ItemGroup>
    <ClCompile Include="main.cpp">
      <Filter>FlowChartEditor</Filter>
    </ClCompile>
    <ClCompile Include="FlowChart\A4Paper.cpp">
      <Filter>FlowChartEditor</Filter>
    </ClCompile>
    <ClCompile Include="FlowChart\Arrow.cpp">
      <Filter>FlowChartEditor</Filter>
    </ClCompile>
    <ClCompile Include="FlowChart\Creator.cpp">
      <Filter>FlowChartEditor</Filter>
    </ClCompile>
    <ClCompile Include="FlowChart\Decision.cpp">
      <Filter>FlowChartEditor</Filter>
    </ClCompile>
    <ClCompile Include="FlowChart\FlowChart.cpp">
      <Filter>FlowChartEditor</Filter>
    </ClCompile>
    <ClCompile Include="FlowChart\InputOutput.cpp">
      <Filter>FlowChartEditor</Filter>
    </ClCompile>
    <ClCompile Include="FlowChart\Join.cpp">
      <Filter>FlowChartEditor</Filter>
    </ClCompile>
    <ClCompile Include="FlowChart\LeftDown.cpp">
      <Filter>FlowChartEditor</Filter>
    </ClCompile>
    <ClCompile Include="FlowChart\Line.cpp">
      <Filter>FlowChartEditor</Filter>
    </ClCompile>
    <ClCompile Include="FlowChart\NumberBox.cpp">
      <Filter>FlowChartEditor</Filter>
    </ClCompile>
    <ClCompile Include="FlowChart\Preparation.cpp">
      <Filter>FlowChartEditor</Filter>
    </ClCompile>
    <ClCompile Include="FlowChart\Process.cpp">
      <Filter>FlowChartEditor</Filter>
    </ClCompile>
    <ClCompile Include="FlowChart\RepeatFalse.cpp">
      <Filter>FlowChartEditor</Filter>
    </ClCompile>
    <ClCompile Include="FlowChart\RepeatTrue.cpp">
      <Filter>FlowChartEditor</Filter>
    </ClCompile>
    <ClCompile Include="FlowChart\RightDown.cpp">
      <Filter>FlowChartEditor</Filter>
    </ClCompile>
    <ClCompile Include="FlowChart\RightDownjoin.cpp">
      <Filter>FlowChartEditor</Filter>
    </ClCompile>
    <ClCompile Include="FlowChart\Symbol.cpp">
      <Filter>FlowChartEditor</Filter>
    </ClCompile>
    <ClCompile Include="FlowChart\Template.cpp">
      <Filter>FlowChartEditor</Filter>
    </ClCompile>
    <ClCompile Include="FlowChart\Terminal.cpp">
      <Filter>FlowChartEditor</Filter>
    </ClCompile>
    <ClCompile Include="FlowChart\TextRegion.cpp">
      <Filter>FlowChartEditor</Filter>
    </ClCompile>
    <ClCompile Include="FlowChart\VariableList.cpp">
      <Filter>FlowChartEditor</Filter>
    </ClCompile>
    <ClCompile Include="FlowChart\Block.cpp">
      <Filter>FlowChartEditor</Filter>
    </ClCompile>
    <ClCompile Include="Notepad\Caret.cpp">
      <Filter>Notepad</Filter>
    </ClCompile>
    <ClCompile Include="Notepad\CaretController.cpp">
      <Filter>Notepad</Filter>
    </ClCompile>
    <ClCompile Include="Notepad\Character.cpp">
      <Filter>Notepad</Filter>
    </ClCompile>
    <ClCompile Include="Notepad\CharacterMetrics.cpp">
      <Filter>Notepad</Filter>
    </ClCompile>
    <ClCompile Include="Notepad\Composite.cpp">
      <Filter>Notepad</Filter>
    </ClCompile>
    <ClCompile Include="Notepad\Editor.cpp">
      <Filter>Notepad</Filter>
    </ClCompile>
    <ClCompile Include="Notepad\Glyph.cpp">
      <Filter>Notepad</Filter>
    </ClCompile>
    <ClCompile Include="Notepad\GlyphFactory.cpp">
      <Filter>Notepad</Filter>
    </ClCompile>
    <ClCompile Include="Notepad\Highlight.cpp">
      <Filter>Notepad</Filter>
    </ClCompile>
    <ClCompile Include="Notepad\KeyActionFactory.cpp">
      <Filter>Notepad</Filter>
    </ClCompile>
    <ClCompile Include="Notepad\KeyActions.cpp">
      <Filter>Notepad</Filter>
    </ClCompile>
    <ClCompile Include="Notepad\Note.cpp">
      <Filter>Notepad</Filter>
    </ClCompile>
    <ClCompile Include="Notepad\Notepad.cpp">
      <Filter>Notepad</Filter>
    </ClCompile>
    <ClCompile Include="Notepad\Observer.cpp">
      <Filter>Notepad</Filter>
    </ClCompile>
    <ClCompile Include="Notepad\Scanner.cpp">
      <Filter>Notepad</Filter>
    </ClCompile>
    <ClCompile Include="Notepad\Selector.cpp">
      <Filter>Notepad</Filter>
    </ClCompile>
    <ClCompile Include="Notepad\Subject.cpp">
      <Filter>Notepad</Filter>
    </ClCompile>
    <ClCompile Include="Notepad\Row.cpp">
      <Filter>Notepad</Filter>
    </ClCompile>
    <ClCompile Include="GObject\Brush.cpp">
      <Filter>Graphic Objects</Filter>
    </ClCompile>
    <ClCompile Include="GObject\Font.cpp">
      <Filter>Graphic Objects</Filter>
    </ClCompile>
    <ClCompile Include="GObject\GObject.cpp">
      <Filter>Graphic Objects</Filter>
    </ClCompile>
    <ClCompile Include="GObject\GObjectFactory.cpp">
      <Filter>Graphic Objects</Filter>
    </ClCompile>
    <ClCompile Include="GObject\Painter.cpp">
      <Filter>Graphic Objects</Filter>
    </ClCompile>
    <ClCompile Include="GObject\Pen.cpp">
      <Filter>Graphic Objects</Filter>
    </ClCompile>
    <ClCompile Include="GObject\QtBrush.cpp">
      <Filter>Graphic Objects</Filter>
    </ClCompile>
    <ClCompile Include="GObject\QtFont.cpp">
      <Filter>Graphic Objects</Filter>
    </ClCompile>
    <ClCompile Include="GObject\QtGObjectFactory.cpp">
      <Filter>Graphic Objects</Filter>
    </ClCompile>
    <ClCompile Include="GObject\QtPainter.cpp">
      <Filter>Graphic Objects</Filter>
    </ClCompile>
    <ClCompile Include="GObject\QtPen.cpp">
      <Filter>Graphic Objects</Filter>
    </ClCompile>
    <ClCompile Include="FlowChart\Shape.cpp">
      <Filter>FlowChartEditor</Filter>
    </ClCompile>
    <ClCompile Include="FlowChart\WindowTitle.cpp">
      <Filter>FlowChartEditor</Filter>
    </ClCompile>
    <ClCompile Include="FlowChart\WindowPin.cpp">
      <Filter>FlowChartEditor</Filter>
    </ClCompile>
    <ClCompile Include="FlowChart\WindowClose.cpp">
      <Filter>FlowChartEditor</Filter>
    </ClCompile>
    <ClCompile Include="FlowChart\RuleKeeper.cpp">
      <Filter>FlowChartEditor</Filter>
    </ClCompile>
    <ClCompile Include="FlowChart\ContentsAnalyzer.cpp">
      <Filter>FlowChartEditor</Filter>
    </ClCompile>
    <ClCompile Include="FlowChart\Sheet.cpp">
      <Filter>FlowChartEditor</Filter>
    </ClCompile>
    <ClCompile Include="FlowChart\SheetBinder.cpp">
      <Filter>FlowChartEditor</Filter>
    </ClCompile>
    <ClCompile Include="FlowChart\SheetManager.cpp">
      <Filter>FlowChartEditor</Filter>
    </ClCompile>
    <ClCompile Include="FlowChart\String.cpp">
      <Filter>Utilities</Filter>
    </ClCompile>
    <ClCompile Include="FlowChart\FlowChartCommandFactory.cpp">
      <Filter>FlowChartEditor\Commands</Filter>
    </ClCompile>
    <ClCompile Include="FlowChart\FlowChartCommands.cpp">
      <Filter>FlowChartEditor\Commands</Filter>
    </ClCompile>
    <ClCompile Include="FlowChart\Clipboard.cpp">
      <Filter>FlowChartEditor\Edit</Filter>
    </ClCompile>
    <ClCompile Include="FlowChart\File.cpp">
      <Filter>FlowChartEditor\File Processing</Filter>
    </ClCompile>
    <ClCompile Include="FlowChart\Tokenizer.cpp">
      <Filter>FlowChartEditor\File Processing</Filter>
    </ClCompile>
    <ClCompile Include="FlowChart\DrawingPaper.cpp">
      <Filter>FlowChartEditor\Interface</Filter>
    </ClCompile>
    <ClCompile Include="FlowChart\EditorIntroForm.cpp">
      <Filter>FlowChartEditor\Interface</Filter>
    </ClCompile>
    <ClCompile Include="FlowChartEditor.cpp">
      <Filter>FlowChartEditor\Interface</Filter>
    </ClCompile>
    <ClCompile Include="FlowChart\FlowChartTemplate.cpp">
      <Filter>FlowChartEditor\Interface</Filter>
    </ClCompile>
    <ClCompile Include="FlowChart\Label.cpp">
      <Filter>FlowChartEditor\Interface</Filter>
    </ClCompile>
    <ClCompile Include="FlowChart\Scroll.cpp">
      <Filter>FlowChartEditor\Interface</Filter>
    </ClCompile>
    <ClCompile Include="FlowChart\PreviewForm.cpp">
      <Filter>FlowChartEditor\Interface</Filter>
    </ClCompile>
    <ClCompile Include="FlowChart\FlowChartKeyActionFactory.cpp">
      <Filter>FlowChartEditor\KeyActions</Filter>
    </ClCompile>
    <ClCompile Include="FlowChart\FlowChartKeyActions.cpp">
      <Filter>FlowChartEditor\KeyActions</Filter>
    </ClCompile>
    <ClCompile Include="FlowChart\SizeController.cpp">
      <Filter>FlowChartEditor\Observer</Filter>
    </ClCompile>
    <ClCompile Include="FlowChart\ScrollController.cpp">
      <Filter>FlowChartEditor\Observer</Filter>
    </ClCompile>
    <ClCompile Include="FlowChart\CoordinateConverter.cpp">
      <Filter>FlowChartEditor\Paint</Filter>
    </ClCompile>
    <ClCompile Include="FlowChart\DrawVisitor.cpp">
      <Filter>FlowChartEditor\Paint</Filter>
    </ClCompile>
    <ClCompile Include="FlowChart\FlowChartVisitor.cpp">
      <Filter>FlowChartEditor\Paint</Filter>
    </ClCompile>
    <ClCompile Include="FlowChart\IntervalMake.cpp">
      <Filter>FlowChartEditor\Paint</Filter>
    </ClCompile>
    <ClCompile Include="FlowChart\IterationMake.cpp">
      <Filter>FlowChartEditor\Paint</Filter>
    </ClCompile>
    <ClCompile Include="FlowChart\MoveMake.cpp">
      <Filter>FlowChartEditor\Paint</Filter>
    </ClCompile>
    <ClCompile Include="FlowChart\ZoomVisitor.cpp">
      <Filter>FlowChartEditor\Paint</Filter>
    </ClCompile>
    <ClCompile Include="FlowChart\Zoom.cpp">
      <Filter>FlowChartEditor\Paint</Filter>
    </ClCompile>
    <ClCompile Include="FlowChart\SizeMake.cpp">
      <Filter>FlowChartEditor\Paint</Filter>
    </ClCompile>
    <ClCompile Include="FlowChart\SequenceMake.cpp">
      <Filter>FlowChartEditor\Paint</Filter>
    </ClCompile>
    <ClCompile Include="FlowChart\SelectionMake.cpp">
      <Filter>FlowChartEditor\Paint</Filter>
    </ClCompile>
    <ClCompile Include="FlowChart\DrawingTool.cpp">
      <Filter>FlowChartEditor\Tools</Filter>
    </ClCompile>
    <ClCompile Include="FlowChart\MovingTool.cpp">
      <Filter>FlowChartEditor\Tools</Filter>
    </ClCompile>
    <ClCompile Include="FlowChart\ResizingTool.cpp">
      <Filter>FlowChartEditor\Tools</Filter>
    </ClCompile>
    <ClCompile Include="FlowChart\SelectingTool.cpp">
      <Filter>FlowChartEditor\Tools</Filter>
    </ClCompile>
    <ClCompile Include="FlowChart\ToolFactory.cpp">
      <Filter>FlowChartEditor\Tools</Filter>
    </ClCompile>
    <ClCompile Include="FlowChart\Tool.cpp">
      <Filter>FlowChartEditor\Tools</Filter>
    </ClCompile>
    <ClCompile Include="FlowChart\HistoryBook.cpp">
      <Filter>FlowChartEditor\UnRedo</Filter>
    </ClCompile>
    <ClCompile Include="FlowChart\HistoryController.cpp">
      <Filter>FlowChartEditor\UnRedo</Filter>
    </ClCompile>
    <ClCompile Include="FlowChart\Historys.cpp">
      <Filter>FlowChartEditor\UnRedo</Filter>
    </ClCompile>
    <ClCompile Include="FlowChart\Registrar.cpp">
      <Filter>FlowChartEditor\UnRedo</Filter>
    </ClCompile>
  </ItemGroup>
  <ItemGroup>
    <QtRcc Include="FlowChartEditor.qrc">
      <Filter>Resource Files</Filter>
    </QtRcc>
  </ItemGroup>
  <ItemGroup>
    <ClInclude Include="FlowChart\A4Paper.h">
      <Filter>FlowChartEditor</Filter>
    </ClInclude>
    <ClInclude Include="FlowChart\Arrow.h">
      <Filter>FlowChartEditor</Filter>
    </ClInclude>
    <ClInclude Include="FlowChart\Creator.h">
      <Filter>FlowChartEditor</Filter>
    </ClInclude>
    <ClInclude Include="FlowChart\Decision.h">
      <Filter>FlowChartEditor</Filter>
    </ClInclude>
    <ClInclude Include="FlowChart\FlowChart.h">
      <Filter>FlowChartEditor</Filter>
    </ClInclude>
    <ClInclude Include="FlowChart\InputOutput.h">
      <Filter>FlowChartEditor</Filter>
    </ClInclude>
    <ClInclude Include="FlowChart\Join.h">
      <Filter>FlowChartEditor</Filter>
    </ClInclude>
    <ClInclude Include="FlowChart\LeftDown.h">
      <Filter>FlowChartEditor</Filter>
    </ClInclude>
    <ClInclude Include="FlowChart\Line.h">
      <Filter>FlowChartEditor</Filter>
    </ClInclude>
    <ClInclude Include="FlowChart\NumberBox.h">
      <Filter>FlowChartEditor</Filter>
    </ClInclude>
    <ClInclude Include="FlowChart\Preparation.h">
      <Filter>FlowChartEditor</Filter>
    </ClInclude>
    <ClInclude Include="FlowChart\Process.h">
      <Filter>FlowChartEditor</Filter>
    </ClInclude>
    <ClInclude Include="FlowChart\RepeatFalse.h">
      <Filter>FlowChartEditor</Filter>
    </ClInclude>
    <ClInclude Include="FlowChart\RepeatTrue.h">
      <Filter>FlowChartEditor</Filter>
    </ClInclude>
    <ClInclude Include="FlowChart\RightDown.h">
      <Filter>FlowChartEditor</Filter>
    </ClInclude>
    <ClInclude Include="FlowChart\RightDownJoin.h">
      <Filter>FlowChartEditor</Filter>
    </ClInclude>
    <ClInclude Include="FlowChart\Symbol.h">
      <Filter>FlowChartEditor</Filter>
    </ClInclude>
    <ClInclude Include="FlowChart\Template.h">
      <Filter>FlowChartEditor</Filter>
    </ClInclude>
    <ClInclude Include="FlowChart\Terminal.h">
      <Filter>FlowChartEditor</Filter>
    </ClInclude>
    <ClInclude Include="FlowChart\TextRegion.h">
      <Filter>FlowChartEditor</Filter>
    </ClInclude>
    <ClInclude Include="FlowChart\VariableList.h">
      <Filter>FlowChartEditor</Filter>
    </ClInclude>
    <ClInclude Include="FlowChart\Block.h">
      <Filter>FlowChartEditor</Filter>
    </ClInclude>
    <ClInclude Include="Notepad\CaretController.h">
      <Filter>Notepad</Filter>
    </ClInclude>
    <ClInclude Include="Notepad\Character.h">
      <Filter>Notepad</Filter>
    </ClInclude>
    <ClInclude Include="Notepad\CharacterMetrics.h">
      <Filter>Notepad</Filter>
    </ClInclude>
    <ClInclude Include="Notepad\Composite.h">
      <Filter>Notepad</Filter>
    </ClInclude>
    <ClInclude Include="Notepad\Editor.h">
      <Filter>Notepad</Filter>
    </ClInclude>
    <ClInclude Include="Notepad\Glyph.h">
      <Filter>Notepad</Filter>
    </ClInclude>
    <ClInclude Include="Notepad\GlyphFactory.h">
      <Filter>Notepad</Filter>
    </ClInclude>
    <ClInclude Include="Notepad\Highlight.h">
      <Filter>Notepad</Filter>
    </ClInclude>
    <ClInclude Include="Notepad\KeyActionFactory.h">
      <Filter>Notepad</Filter>
    </ClInclude>
    <ClInclude Include="Notepad\KeyActions.h">
      <Filter>Notepad</Filter>
    </ClInclude>
    <ClInclude Include="Notepad\Note.h">
      <Filter>Notepad</Filter>
    </ClInclude>
    <ClInclude Include="Notepad\Observer.h">
      <Filter>Notepad</Filter>
    </ClInclude>
    <ClInclude Include="Notepad\Scanner.h">
      <Filter>Notepad</Filter>
    </ClInclude>
    <ClInclude Include="Notepad\Selector.h">
      <Filter>Notepad</Filter>
    </ClInclude>
    <ClInclude Include="Notepad\Subject.h">
      <Filter>Notepad</Filter>
    </ClInclude>
    <ClInclude Include="Notepad\Row.h">
      <Filter>Notepad</Filter>
    </ClInclude>
    <ClInclude Include="GObject\Brush.h">
      <Filter>Graphic Objects</Filter>
    </ClInclude>
    <ClInclude Include="GObject\Font.h">
      <Filter>Graphic Objects</Filter>
    </ClInclude>
    <ClInclude Include="GObject\GObject.h">
      <Filter>Graphic Objects</Filter>
    </ClInclude>
    <ClInclude Include="GObject\GObjectFactory.h">
      <Filter>Graphic Objects</Filter>
    </ClInclude>
    <ClInclude Include="GObject\Painter.h">
      <Filter>Graphic Objects</Filter>
    </ClInclude>
    <ClInclude Include="GObject\Pen.h">
      <Filter>Graphic Objects</Filter>
    </ClInclude>
    <ClInclude Include="GObject\QtBrush.h">
      <Filter>Graphic Objects</Filter>
    </ClInclude>
    <ClInclude Include="GObject\QtFont.h">
      <Filter>Graphic Objects</Filter>
    </ClInclude>
    <ClInclude Include="GObject\QtGObjectFactory.h">
      <Filter>Graphic Objects</Filter>
    </ClInclude>
    <ClInclude Include="GObject\QtPainter.h">
      <Filter>Graphic Objects</Filter>
    </ClInclude>
    <ClInclude Include="GObject\QtPen.h">
      <Filter>Graphic Objects</Filter>
    </ClInclude>
    <ClInclude Include="FlowChart\Shape.h">
      <Filter>FlowChartEditor</Filter>
    </ClInclude>
    <ClInclude Include="FlowChart\WindowPin.h">
      <Filter>FlowChartEditor</Filter>
    </ClInclude>
    <ClInclude Include="FlowChart\WindowTitle.h">
      <Filter>FlowChartEditor</Filter>
    </ClInclude>
    <ClInclude Include="FlowChart\WindowClose.h">
      <Filter>FlowChartEditor</Filter>
    </ClInclude>
    <ClInclude Include="x64\Debug\uic\ui_FlowChartEditor.h">
      <Filter>Generated Files</Filter>
    </ClInclude>
    <ClInclude Include="x64\Debug\uic\Notepad\ui_Notepad.h">
      <Filter>Generated Files</Filter>
    </ClInclude>
    <ClInclude Include="x64\Debug\uic\ui_PreviewForm.h">
      <Filter>Generated Files</Filter>
    </ClInclude>
    <ClInclude Include="FlowChart\RuleKeeper.h">
      <Filter>FlowChartEditor</Filter>
    </ClInclude>
    <ClInclude Include="FlowChart\ContentsAnalyzer.h">
      <Filter>FlowChartEditor</Filter>
    </ClInclude>
    <ClInclude Include="x64\Debug\uic\ui_EditorIntroForm.h">
      <Filter>Generated Files</Filter>
    </ClInclude>
    <ClInclude Include="FlowChart\SheetManager.h">
      <Filter>FlowChartEditor</Filter>
    </ClInclude>
    <ClInclude Include="FlowChart\Sheet.h">
      <Filter>FlowChartEditor</Filter>
    </ClInclude>
    <ClInclude Include="FlowChart\SheetBinder.h">
      <Filter>FlowChartEditor</Filter>
    </ClInclude>
    <ClInclude Include="Utilities\Array.h">
      <Filter>Utilities</Filter>
    </ClInclude>
    <ClInclude Include="FlowChart\Stack.h">
      <Filter>Utilities</Filter>
    </ClInclude>
    <ClInclude Include="FlowChart\String.h">
      <Filter>Utilities</Filter>
    </ClInclude>
    <ClInclude Include="FlowChart\FlowChartCommandFactory.h">
      <Filter>FlowChartEditor\Commands</Filter>
    </ClInclude>
    <ClInclude Include="FlowChart\FlowChartCommands.h">
      <Filter>FlowChartEditor\Commands</Filter>
    </ClInclude>
    <ClInclude Include="FlowChart\Clipboard.h">
      <Filter>FlowChartEditor\Edit</Filter>
    </ClInclude>
    <ClInclude Include="FlowChart\File.h">
      <Filter>FlowChartEditor\File Processing</Filter>
    </ClInclude>
    <ClInclude Include="FlowChart\Tokenizer.h">
      <Filter>FlowChartEditor\File Processing</Filter>
    </ClInclude>
    <ClInclude Include="FlowChart\Label.h">
      <Filter>FlowChartEditor\Interface</Filter>
    </ClInclude>
    <ClInclude Include="FlowChart\FlowChartKeyActionFactory.h">
      <Filter>FlowChartEditor\KeyActions</Filter>
    </ClInclude>
    <ClInclude Include="FlowChart\FlowChartKeyActions.h">
      <Filter>FlowChartEditor\KeyActions</Filter>
    </ClInclude>
    <ClInclude Include="FlowChart\SizeController.h">
      <Filter>FlowChartEditor\Observer</Filter>
    </ClInclude>
    <ClInclude Include="FlowChart\ScrollController.h">
      <Filter>FlowChartEditor\Observer</Filter>
    </ClInclude>
    <ClInclude Include="FlowChart\CoordinateConverter.h">
      <Filter>FlowChartEditor\Paint</Filter>
    </ClInclude>
    <ClInclude Include="FlowChart\DrawVisitor.h">
      <Filter>FlowChartEditor\Paint</Filter>
    </ClInclude>
    <ClInclude Include="FlowChart\FlowChartVisitor.h">
      <Filter>FlowChartEditor\Paint</Filter>
    </ClInclude>
    <ClInclude Include="FlowChart\IntervalMake.h">
      <Filter>FlowChartEditor\Paint</Filter>
    </ClInclude>
    <ClInclude Include="FlowChart\IterationMake.h">
      <Filter>FlowChartEditor\Paint</Filter>
    </ClInclude>
    <ClInclude Include="FlowChart\MoveMake.h">
      <Filter>FlowChartEditor\Paint</Filter>
    </ClInclude>
    <ClInclude Include="FlowChart\ZoomVisitor.h">
      <Filter>FlowChartEditor\Paint</Filter>
    </ClInclude>
    <ClInclude Include="FlowChart\Zoom.h">
      <Filter>FlowChartEditor\Paint</Filter>
    </ClInclude>
    <ClInclude Include="FlowChart\SizeMake.h">
      <Filter>FlowChartEditor\Paint</Filter>
    </ClInclude>
    <ClInclude Include="FlowChart\SequenceMake.h">
      <Filter>FlowChartEditor\Paint</Filter>
    </ClInclude>
    <ClInclude Include="FlowChart\SelectionMake.h">
      <Filter>FlowChartEditor\Paint</Filter>
    </ClInclude>
    <ClInclude Include="FlowChart\DrawingTool.h">
      <Filter>FlowChartEditor\Tools</Filter>
    </ClInclude>
    <ClInclude Include="FlowChart\MovingTool.h">
      <Filter>FlowChartEditor\Tools</Filter>
    </ClInclude>
    <ClInclude Include="FlowChart\ResizingTool.h">
      <Filter>FlowChartEditor\Tools</Filter>
    </ClInclude>
    <ClInclude Include="FlowChart\SelectingTool.h">
      <Filter>FlowChartEditor\Tools</Filter>
    </ClInclude>
    <ClInclude Include="FlowChart\ToolFactory.h">
      <Filter>FlowChartEditor\Tools</Filter>
    </ClInclude>
    <ClInclude Include="FlowChart\Tool.h">
      <Filter>FlowChartEditor\Tools</Filter>
    </ClInclude>
    <ClInclude Include="FlowChart\HistoryBook.h">
      <Filter>FlowChartEditor\UnRedo</Filter>
    </ClInclude>
    <ClInclude Include="FlowChart\HistoryController.h">
      <Filter>FlowChartEditor\UnRedo</Filter>
    </ClInclude>
    <ClInclude Include="FlowChart\Historys.h">
      <Filter>FlowChartEditor\UnRedo</Filter>
    </ClInclude>
    <ClInclude Include="FlowChart\Registrar.h">
      <Filter>FlowChartEditor\UnRedo</Filter>
    </ClInclude>
  </ItemGroup>
  <ItemGroup>
    <QtMoc Include="Notepad\Caret.h">
      <Filter>Notepad</Filter>
    </QtMoc>
    <QtMoc Include="Notepad\Notepad.h">
      <Filter>Notepad</Filter>
    </QtMoc>
    <QtMoc Include="FlowChart\DrawingPaper.h">
      <Filter>FlowChartEditor\Interface</Filter>
    </QtMoc>
    <QtMoc Include="FlowChart\EditorIntroForm.h">
      <Filter>FlowChartEditor\Interface</Filter>
    </QtMoc>
    <QtMoc Include="FlowChartEditor.h">
      <Filter>FlowChartEditor\Interface</Filter>
    </QtMoc>
    <QtMoc Include="FlowChart\FlowChartTemplate.h">
      <Filter>FlowChartEditor\Interface</Filter>
    </QtMoc>
    <QtMoc Include="FlowChart\Scroll.h">
      <Filter>FlowChartEditor\Interface</Filter>
    </QtMoc>
    <QtMoc Include="FlowChart\PreviewForm.h">
      <Filter>FlowChartEditor\Interface</Filter>
    </QtMoc>
  </ItemGroup>
  <ItemGroup>
    <QtUic Include="Notepad\Notepad.ui">
      <Filter>Form Files</Filter>
    </QtUic>
    <QtUic Include="EditorIntroForm.ui">
      <Filter>FlowChartEditor\Form Files</Filter>
    </QtUic>
    <QtUic Include="FlowChartEditor.ui">
      <Filter>FlowChartEditor\Form Files</Filter>
    </QtUic>
    <QtUic Include="PreviewForm.ui">
      <Filter>FlowChartEditor\Form Files</Filter>
    </QtUic>
  </ItemGroup>
</Project>