<?xml version="1.0" encoding="utf-8"?>
<Project ToolsVersion="4.0" xmlns="http://schemas.microsoft.com/developer/msbuild/2003">
  <ItemGroup>
    <Filter Include="Resource Files">
      <UniqueIdentifier>{D9D6E242-F8AF-46E4-B9FD-80ECBC20BA3E}</UniqueIdentifier>
      <Extensions>qrc;*</Extensions>
      <ParseFiles>false</ParseFiles>
    </Filter>
    <Filter Include="Form Files">
      <UniqueIdentifier>{99349809-55BA-4b9d-BF79-8FDBB0286EB3}</UniqueIdentifier>
      <Extensions>ui</Extensions>
    </Filter>
    <Filter Include="Resource Files">
      <UniqueIdentifier>{D9D6E242-F8AF-46E4-B9FD-80ECBC20BA3E}</UniqueIdentifier>
      <Extensions>qrc;*</Extensions>
      <ParseFiles>false</ParseFiles>
    </Filter>
    <Filter Include="Generated Files">
      <UniqueIdentifier>{99d6e2d5-0d6e-4115-9651-9ffc027c6446}</UniqueIdentifier>
    </Filter>
    <Filter Include="Notepad">
      <UniqueIdentifier>{ebce8874-848f-4fa6-92a8-4b3ad4e21647}</UniqueIdentifier>
    </Filter>
    <Filter Include="FlowChart">
      <UniqueIdentifier>{2abe3443-8019-4a30-bcbc-f09c5b593561}</UniqueIdentifier>
    </Filter>
    <Filter Include="Header Files">
      <UniqueIdentifier>{93995380-89BD-4b04-88EB-625FBE52EBFB}</UniqueIdentifier>
      <Extensions>h;hh;hpp;hxx;hm;inl;inc;xsd</Extensions>
      <ParseFiles>true</ParseFiles>
    </Filter>
  </ItemGroup>
  <ItemGroup>
    <ClCompile Include="FlowChartEditor.cpp">
      <Filter>FlowChart</Filter>
    </ClCompile>
    <ClCompile Include="main.cpp">
      <Filter>FlowChart</Filter>
    </ClCompile>
    <ClCompile Include="FlowChart\A4Paper.cpp">
      <Filter>FlowChart</Filter>
    </ClCompile>
    <ClCompile Include="FlowChart\AccessKey.cpp">
      <Filter>FlowChart</Filter>
    </ClCompile>
    <ClCompile Include="FlowChart\Arrow.cpp">
      <Filter>FlowChart</Filter>
    </ClCompile>
    <ClCompile Include="FlowChart\Clipboard.cpp">
      <Filter>FlowChart</Filter>
    </ClCompile>
    <ClCompile Include="FlowChart\CoordinateConverter.cpp">
      <Filter>FlowChart</Filter>
    </ClCompile>
    <ClCompile Include="FlowChart\Creator.cpp">
      <Filter>FlowChart</Filter>
    </ClCompile>
    <ClCompile Include="FlowChart\Decision.cpp">
      <Filter>FlowChart</Filter>
    </ClCompile>
    <ClCompile Include="FlowChart\DeleteKey.cpp">
      <Filter>FlowChart</Filter>
    </ClCompile>
    <ClCompile Include="FlowChart\DownKey.cpp">
      <Filter>FlowChart</Filter>
    </ClCompile>
    <ClCompile Include="FlowChart\DrawingPaper.cpp">
      <Filter>FlowChart</Filter>
    </ClCompile>
    <ClCompile Include="FlowChart\DrawingTool.cpp">
      <Filter>FlowChart</Filter>
    </ClCompile>
    <ClCompile Include="FlowChart\DrawVisitor.cpp">
      <Filter>FlowChart</Filter>
    </ClCompile>
    <ClCompile Include="FlowChart\EditorIntroForm.cpp">
      <Filter>FlowChart</Filter>
    </ClCompile>
    <ClCompile Include="FlowChart\EscapeKey.cpp">
      <Filter>FlowChart</Filter>
    </ClCompile>
    <ClCompile Include="FlowChart\Executions.cpp">
      <Filter>FlowChart</Filter>
    </ClCompile>
    <ClCompile Include="FlowChart\ExpressionFactory.cpp">
      <Filter>FlowChart</Filter>
    </ClCompile>
    <ClCompile Include="FlowChart\Expressions.cpp">
      <Filter>FlowChart</Filter>
    </ClCompile>
    <ClCompile Include="FlowChart\File.cpp">
      <Filter>FlowChart</Filter>
    </ClCompile>
    <ClCompile Include="FlowChart\FlowChart.cpp">
      <Filter>FlowChart</Filter>
    </ClCompile>
    <ClCompile Include="FlowChart\FlowChartCommandFactory.cpp">
      <Filter>FlowChart</Filter>
    </ClCompile>
    <ClCompile Include="FlowChart\FlowChartCommands.cpp">
      <Filter>FlowChart</Filter>
    </ClCompile>
    <ClCompile Include="FlowChart\FlowChartFont.cpp">
      <Filter>FlowChart</Filter>
    </ClCompile>
    <ClCompile Include="FlowChart\FlowChartKeyActionFactory.cpp">
      <Filter>FlowChart</Filter>
    </ClCompile>
    <ClCompile Include="FlowChart\FlowChartKeyActions.cpp">
      <Filter>FlowChart</Filter>
    </ClCompile>
    <ClCompile Include="FlowChart\FlowChartTemplate.cpp">
      <Filter>FlowChart</Filter>
    </ClCompile>
    <ClCompile Include="FlowChart\FlowChartVisitor.cpp">
      <Filter>FlowChart</Filter>
    </ClCompile>
    <ClCompile Include="FlowChart\HScrollActionFactory.cpp">
      <Filter>FlowChart</Filter>
    </ClCompile>
    <ClCompile Include="FlowChart\HScrollActions.cpp">
      <Filter>FlowChart</Filter>
    </ClCompile>
    <ClCompile Include="FlowChart\InputOutput.cpp">
      <Filter>FlowChart</Filter>
    </ClCompile>
    <ClCompile Include="FlowChart\IntervalMake.cpp">
      <Filter>FlowChart</Filter>
    </ClCompile>
    <ClCompile Include="FlowChart\IterationMake.cpp">
      <Filter>FlowChart</Filter>
    </ClCompile>
    <ClCompile Include="FlowChart\Join.cpp">
      <Filter>FlowChart</Filter>
    </ClCompile>
    <ClCompile Include="FlowChart\KeyFactory.cpp">
      <Filter>FlowChart</Filter>
    </ClCompile>
    <ClCompile Include="FlowChart\Label.cpp">
      <Filter>FlowChart</Filter>
    </ClCompile>
    <ClCompile Include="FlowChart\LeftDown.cpp">
      <Filter>FlowChart</Filter>
    </ClCompile>
    <ClCompile Include="FlowChart\LeftKey.cpp">
      <Filter>FlowChart</Filter>
    </ClCompile>
    <ClCompile Include="FlowChart\Line.cpp">
      <Filter>FlowChart</Filter>
    </ClCompile>
    <ClCompile Include="FlowChart\Memory.cpp">
      <Filter>FlowChart</Filter>
    </ClCompile>
    <ClCompile Include="FlowChart\MemoryController.cpp">
      <Filter>FlowChart</Filter>
    </ClCompile>
    <ClCompile Include="FlowChart\MoveMake.cpp">
      <Filter>FlowChart</Filter>
    </ClCompile>
    <ClCompile Include="FlowChart\MovingTool.cpp">
      <Filter>FlowChart</Filter>
    </ClCompile>
    <ClCompile Include="FlowChart\NumberBox.cpp">
      <Filter>FlowChart</Filter>
    </ClCompile>
    <ClCompile Include="FlowChart\Painter.cpp">
      <Filter>FlowChart</Filter>
    </ClCompile>
    <ClCompile Include="FlowChart\Preparation.cpp">
      <Filter>FlowChart</Filter>
    </ClCompile>
    <ClCompile Include="FlowChart\PreviewForm.cpp">
      <Filter>FlowChart</Filter>
    </ClCompile>
    <ClCompile Include="FlowChart\Process.cpp">
      <Filter>FlowChart</Filter>
    </ClCompile>
    <ClCompile Include="FlowChart\RectangleRegion.cpp">
      <Filter>FlowChart</Filter>
    </ClCompile>
    <ClCompile Include="FlowChart\RepeatFalse.cpp">
      <Filter>FlowChart</Filter>
    </ClCompile>
    <ClCompile Include="FlowChart\RepeatTrue.cpp">
      <Filter>FlowChart</Filter>
    </ClCompile>
    <ClCompile Include="FlowChart\ResizingTool.cpp">
      <Filter>FlowChart</Filter>
    </ClCompile>
    <ClCompile Include="FlowChart\ResolutionConverter.cpp">
      <Filter>FlowChart</Filter>
    </ClCompile>
    <ClCompile Include="FlowChart\ResolutionVisitor.cpp">
      <Filter>FlowChart</Filter>
    </ClCompile>
    <ClCompile Include="FlowChart\RightDown.cpp">
      <Filter>FlowChart</Filter>
    </ClCompile>
    <ClCompile Include="FlowChart\RightDownjoin.cpp">
      <Filter>FlowChart</Filter>
    </ClCompile>
    <ClCompile Include="FlowChart\RightKey.cpp">
      <Filter>FlowChart</Filter>
    </ClCompile>
    <ClCompile Include="FlowChart\ScrollController.cpp">
      <Filter>FlowChart</Filter>
    </ClCompile>
    <ClCompile Include="FlowChart\Scrolls.cpp">
      <Filter>FlowChart</Filter>
    </ClCompile>
    <ClCompile Include="FlowChart\SelectingTool.cpp">
      <Filter>FlowChart</Filter>
    </ClCompile>
    <ClCompile Include="FlowChart\SelectionMake.cpp">
      <Filter>FlowChart</Filter>
    </ClCompile>
    <ClCompile Include="FlowChart\SequenceMake.cpp">
      <Filter>FlowChart</Filter>
    </ClCompile>
    <ClCompile Include="FlowChart\Shape.cpp">
      <Filter>FlowChart</Filter>
    </ClCompile>
    <ClCompile Include="FlowChart\SizeController.cpp">
      <Filter>FlowChart</Filter>
    </ClCompile>
    <ClCompile Include="FlowChart\SizeMake.cpp">
      <Filter>FlowChart</Filter>
    </ClCompile>
    <ClCompile Include="FlowChart\StatusBar.cpp">
      <Filter>FlowChart</Filter>
    </ClCompile>
    <ClCompile Include="FlowChart\String.cpp">
      <Filter>FlowChart</Filter>
    </ClCompile>
    <ClCompile Include="FlowChart\Symbol.cpp">
      <Filter>FlowChart</Filter>
    </ClCompile>
    <ClCompile Include="FlowChart\Template.cpp">
      <Filter>FlowChart</Filter>
    </ClCompile>
    <ClCompile Include="FlowChart\Terminal.cpp">
      <Filter>FlowChart</Filter>
    </ClCompile>
    <ClCompile Include="FlowChart\TextRegion.cpp">
      <Filter>FlowChart</Filter>
    </ClCompile>
    <ClCompile Include="FlowChart\Tokenizer.cpp">
      <Filter>FlowChart</Filter>
    </ClCompile>
    <ClCompile Include="FlowChart\Tool.cpp">
      <Filter>FlowChart</Filter>
    </ClCompile>
    <ClCompile Include="FlowChart\ToolFactory.cpp">
      <Filter>FlowChart</Filter>
    </ClCompile>
    <ClCompile Include="FlowChart\ToolTip.cpp">
      <Filter>FlowChart</Filter>
    </ClCompile>
    <ClCompile Include="FlowChart\TutorialController.cpp">
      <Filter>FlowChart</Filter>
    </ClCompile>
    <ClCompile Include="FlowChart\TutorialForm.cpp">
      <Filter>FlowChart</Filter>
    </ClCompile>
    <ClCompile Include="FlowChart\TutorialIntroForm.cpp">
      <Filter>FlowChart</Filter>
    </ClCompile>
    <ClCompile Include="FlowChart\TutorialMark.cpp">
      <Filter>FlowChart</Filter>
    </ClCompile>
    <ClCompile Include="FlowChart\TutorialMarkFactory.cpp">
      <Filter>FlowChart</Filter>
    </ClCompile>
    <ClCompile Include="FlowChart\Tutorials.cpp">
      <Filter>FlowChart</Filter>
    </ClCompile>
    <ClCompile Include="FlowChart\UpKey.cpp">
      <Filter>FlowChart</Filter>
    </ClCompile>
    <ClCompile Include="FlowChart\VariableList.cpp">
      <Filter>FlowChart</Filter>
    </ClCompile>
    <ClCompile Include="FlowChart\VScrollActionFactory.cpp">
      <Filter>FlowChart</Filter>
    </ClCompile>
    <ClCompile Include="FlowChart\VScrollActions.cpp">
      <Filter>FlowChart</Filter>
    </ClCompile>
    <ClCompile Include="FlowChart\Zoom.cpp">
      <Filter>FlowChart</Filter>
    </ClCompile>
    <ClCompile Include="FlowChart\ZoomVisitor.cpp">
      <Filter>FlowChart</Filter>
    </ClCompile>
    <ClCompile Include="Notepad\Caret.cpp">
      <Filter>Notepad</Filter>
    </ClCompile>
    <ClCompile Include="Notepad\CaretController.cpp">
      <Filter>Notepad</Filter>
    </ClCompile>
    <ClCompile Include="Notepad\Character.cpp">
      <Filter>Notepad</Filter>
    </ClCompile>
    <ClCompile Include="Notepad\CharacterMetrics.cpp">
      <Filter>Notepad</Filter>
    </ClCompile>
    <ClCompile Include="Notepad\Command.cpp">
      <Filter>Notepad</Filter>
    </ClCompile>
    <ClCompile Include="Notepad\CommandFactory.cpp">
      <Filter>Notepad</Filter>
    </ClCompile>
    <ClCompile Include="Notepad\Composite.cpp">
      <Filter>Notepad</Filter>
    </ClCompile>
    <ClCompile Include="Notepad\Editor.cpp">
      <Filter>Notepad</Filter>
    </ClCompile>
    <ClCompile Include="Notepad\Font.cpp">
      <Filter>Notepad</Filter>
    </ClCompile>
    <ClCompile Include="Notepad\FontCommand.cpp">
      <Filter>Notepad</Filter>
    </ClCompile>
    <ClCompile Include="Notepad\Glyph.cpp">
      <Filter>Notepad</Filter>
    </ClCompile>
    <ClCompile Include="Notepad\GlyphFactory.cpp">
      <Filter>Notepad</Filter>
    </ClCompile>
    <ClCompile Include="Notepad\Highlight.cpp">
      <Filter>Notepad</Filter>
    </ClCompile>
    <ClCompile Include="Notepad\KeyActionFactory.cpp">
      <Filter>Notepad</Filter>
    </ClCompile>
    <ClCompile Include="Notepad\KeyActions.cpp">
      <Filter>Notepad</Filter>
    </ClCompile>
    <ClCompile Include="Notepad\Note.cpp">
      <Filter>Notepad</Filter>
    </ClCompile>
    <ClCompile Include="Notepad\NotepadForm.cpp">
      <Filter>Notepad</Filter>
    </ClCompile>
    <ClCompile Include="Notepad\Observer.cpp">
      <Filter>Notepad</Filter>
    </ClCompile>
    <ClCompile Include="Notepad\Row.cpp">
      <Filter>Notepad</Filter>
    </ClCompile>
    <ClCompile Include="Notepad\Scanner.cpp">
      <Filter>Notepad</Filter>
    </ClCompile>
    <ClCompile Include="Notepad\Selector.cpp">
      <Filter>Notepad</Filter>
    </ClCompile>
    <ClCompile Include="Notepad\Subject.cpp">
      <Filter>Notepad</Filter>
    </ClCompile>
    <ClCompile Include="FlowChart\Block.cpp">
      <Filter>FlowChart</Filter>
    </ClCompile>
  </ItemGroup>
  <ItemGroup>
    <QtRcc Include="FlowChartEditor.qrc">
      <Filter>Resource Files</Filter>
    </QtRcc>
  </ItemGroup>
  <ItemGroup>
    <ClInclude Include="x64\Debug\uic\ui_FlowChartEditor.h">
      <Filter>Generated Files</Filter>
    </ClInclude>
    <ClInclude Include="FlowChart\Array.h">
      <Filter>FlowChart</Filter>
    </ClInclude>
    <ClInclude Include="FlowChart\A4Paper.h">
      <Filter>FlowChart</Filter>
    </ClInclude>
    <ClInclude Include="FlowChart\AccessKey.h">
      <Filter>FlowChart</Filter>
    </ClInclude>
    <ClInclude Include="FlowChart\Arrow.h">
      <Filter>FlowChart</Filter>
    </ClInclude>
    <ClInclude Include="FlowChart\Clipboard.h">
      <Filter>FlowChart</Filter>
    </ClInclude>
    <ClInclude Include="FlowChart\CoordinateConverter.h">
      <Filter>FlowChart</Filter>
    </ClInclude>
    <ClInclude Include="FlowChart\Creator.h">
      <Filter>FlowChart</Filter>
    </ClInclude>
    <ClInclude Include="FlowChart\Decision.h">
      <Filter>FlowChart</Filter>
    </ClInclude>
    <ClInclude Include="FlowChart\DeleteKey.h">
      <Filter>FlowChart</Filter>
    </ClInclude>
    <ClInclude Include="FlowChart\DownKey.h">
      <Filter>FlowChart</Filter>
    </ClInclude>
    <ClInclude Include="FlowChart\DrawingTool.h">
      <Filter>FlowChart</Filter>
    </ClInclude>
    <ClInclude Include="FlowChart\DrawVisitor.h">
      <Filter>FlowChart</Filter>
    </ClInclude>
    <ClInclude Include="FlowChart\EditorIntroForm.h">
      <Filter>FlowChart</Filter>
    </ClInclude>
    <ClInclude Include="FlowChart\EscapeKey.h">
      <Filter>FlowChart</Filter>
    </ClInclude>
    <ClInclude Include="FlowChart\Executions.h">
      <Filter>FlowChart</Filter>
    </ClInclude>
    <ClInclude Include="FlowChart\ExpressionFactory.h">
      <Filter>FlowChart</Filter>
    </ClInclude>
    <ClInclude Include="FlowChart\Expressions.h">
      <Filter>FlowChart</Filter>
    </ClInclude>
    <ClInclude Include="FlowChart\File.h">
      <Filter>FlowChart</Filter>
    </ClInclude>
    <ClInclude Include="FlowChart\FlowChart.h">
      <Filter>FlowChart</Filter>
    </ClInclude>
    <ClInclude Include="FlowChart\FlowChartCommandFactory.h">
      <Filter>FlowChart</Filter>
    </ClInclude>
    <ClInclude Include="FlowChart\FlowChartCommands.h">
      <Filter>FlowChart</Filter>
    </ClInclude>
    <ClInclude Include="FlowChart\FlowChartFont.h">
      <Filter>FlowChart</Filter>
    </ClInclude>
    <ClInclude Include="FlowChart\FlowChartKeyActionFactory.h">
      <Filter>FlowChart</Filter>
    </ClInclude>
    <ClInclude Include="FlowChart\FlowChartKeyActions.h">
      <Filter>FlowChart</Filter>
    </ClInclude>
    <ClInclude Include="FlowChart\FlowChartTemplate.h">
      <Filter>FlowChart</Filter>
    </ClInclude>
    <ClInclude Include="FlowChart\FlowChartVisitor.h">
      <Filter>FlowChart</Filter>
    </ClInclude>
    <ClInclude Include="FlowChart\HScrollActionFactory.h">
      <Filter>FlowChart</Filter>
    </ClInclude>
    <ClInclude Include="FlowChart\HScrollActions.h">
      <Filter>FlowChart</Filter>
    </ClInclude>
    <ClInclude Include="FlowChart\InputOutput.h">
      <Filter>FlowChart</Filter>
    </ClInclude>
    <ClInclude Include="FlowChart\IntervalMake.h">
      <Filter>FlowChart</Filter>
    </ClInclude>
    <ClInclude Include="FlowChart\IterationMake.h">
      <Filter>FlowChart</Filter>
    </ClInclude>
    <ClInclude Include="FlowChart\Join.h">
      <Filter>FlowChart</Filter>
    </ClInclude>
    <ClInclude Include="FlowChart\KeyFactory.h">
      <Filter>FlowChart</Filter>
    </ClInclude>
    <ClInclude Include="FlowChart\Label.h">
      <Filter>FlowChart</Filter>
    </ClInclude>
    <ClInclude Include="FlowChart\LeftDown.h">
      <Filter>FlowChart</Filter>
    </ClInclude>
    <ClInclude Include="FlowChart\LeftKey.h">
      <Filter>FlowChart</Filter>
    </ClInclude>
    <ClInclude Include="FlowChart\Line.h">
      <Filter>FlowChart</Filter>
    </ClInclude>
    <ClInclude Include="FlowChart\Memory.h">
      <Filter>FlowChart</Filter>
    </ClInclude>
    <ClInclude Include="FlowChart\MemoryController.h">
      <Filter>FlowChart</Filter>
    </ClInclude>
    <ClInclude Include="FlowChart\MoveMake.h">
      <Filter>FlowChart</Filter>
    </ClInclude>
    <ClInclude Include="FlowChart\MovingTool.h">
      <Filter>FlowChart</Filter>
    </ClInclude>
    <ClInclude Include="FlowChart\NumberBox.h">
      <Filter>FlowChart</Filter>
    </ClInclude>
    <ClInclude Include="FlowChart\Painter.h">
      <Filter>FlowChart</Filter>
    </ClInclude>
    <ClInclude Include="FlowChart\Preparation.h">
      <Filter>FlowChart</Filter>
    </ClInclude>
    <ClInclude Include="FlowChart\PreviewForm.h">
      <Filter>FlowChart</Filter>
    </ClInclude>
    <ClInclude Include="FlowChart\Process.h">
      <Filter>FlowChart</Filter>
    </ClInclude>
    <ClInclude Include="FlowChart\RectangleRegion.h">
      <Filter>FlowChart</Filter>
    </ClInclude>
    <ClInclude Include="FlowChart\RepeatFalse.h">
      <Filter>FlowChart</Filter>
    </ClInclude>
    <ClInclude Include="FlowChart\RepeatTrue.h">
      <Filter>FlowChart</Filter>
    </ClInclude>
    <ClInclude Include="FlowChart\ResizingTool.h">
      <Filter>FlowChart</Filter>
    </ClInclude>
    <ClInclude Include="FlowChart\ResolutionConverter.h">
      <Filter>FlowChart</Filter>
    </ClInclude>
    <ClInclude Include="FlowChart\ResolutionVisitor.h">
      <Filter>FlowChart</Filter>
    </ClInclude>
    <ClInclude Include="FlowChart\RightDown.h">
      <Filter>FlowChart</Filter>
    </ClInclude>
    <ClInclude Include="FlowChart\RightDownJoin.h">
      <Filter>FlowChart</Filter>
    </ClInclude>
    <ClInclude Include="FlowChart\RightKey.h">
      <Filter>FlowChart</Filter>
    </ClInclude>
    <ClInclude Include="FlowChart\ScrollController.h">
      <Filter>FlowChart</Filter>
    </ClInclude>
    <ClInclude Include="FlowChart\Scrolls.h">
      <Filter>FlowChart</Filter>
    </ClInclude>
    <ClInclude Include="FlowChart\SelectingTool.h">
      <Filter>FlowChart</Filter>
    </ClInclude>
    <ClInclude Include="FlowChart\SelectionMake.h">
      <Filter>FlowChart</Filter>
    </ClInclude>
    <ClInclude Include="FlowChart\SequenceMake.h">
      <Filter>FlowChart</Filter>
    </ClInclude>
    <ClInclude Include="FlowChart\Shape.h">
      <Filter>FlowChart</Filter>
    </ClInclude>
    <ClInclude Include="FlowChart\SizeController.h">
      <Filter>FlowChart</Filter>
    </ClInclude>
    <ClInclude Include="FlowChart\SizeMake.h">
      <Filter>FlowChart</Filter>
    </ClInclude>
    <ClInclude Include="FlowChart\Stack.h">
      <Filter>FlowChart</Filter>
    </ClInclude>
    <ClInclude Include="FlowChart\StatusBar.h">
      <Filter>FlowChart</Filter>
    </ClInclude>
    <ClInclude Include="FlowChart\String.h">
      <Filter>FlowChart</Filter>
    </ClInclude>
    <ClInclude Include="FlowChart\Symbol.h">
      <Filter>FlowChart</Filter>
    </ClInclude>
    <ClInclude Include="FlowChart\Template.h">
      <Filter>FlowChart</Filter>
    </ClInclude>
    <ClInclude Include="FlowChart\Terminal.h">
      <Filter>FlowChart</Filter>
    </ClInclude>
    <ClInclude Include="FlowChart\TextRegion.h">
      <Filter>FlowChart</Filter>
    </ClInclude>
    <ClInclude Include="FlowChart\Tokenizer.h">
      <Filter>FlowChart</Filter>
    </ClInclude>
    <ClInclude Include="FlowChart\Tool.h">
      <Filter>FlowChart</Filter>
    </ClInclude>
    <ClInclude Include="FlowChart\ToolFactory.h">
      <Filter>FlowChart</Filter>
    </ClInclude>
    <ClInclude Include="FlowChart\ToolTip.h">
      <Filter>FlowChart</Filter>
    </ClInclude>
    <ClInclude Include="FlowChart\TutorialController.h">
      <Filter>FlowChart</Filter>
    </ClInclude>
    <ClInclude Include="FlowChart\TutorialForm.h">
      <Filter>FlowChart</Filter>
    </ClInclude>
    <ClInclude Include="FlowChart\TutorialIntroForm.h">
      <Filter>FlowChart</Filter>
    </ClInclude>
    <ClInclude Include="FlowChart\TutorialMark.h">
      <Filter>FlowChart</Filter>
    </ClInclude>
    <ClInclude Include="FlowChart\TutorialMarkFactory.h">
      <Filter>FlowChart</Filter>
    </ClInclude>
    <ClInclude Include="FlowChart\Tutorials.h">
      <Filter>FlowChart</Filter>
    </ClInclude>
    <ClInclude Include="FlowChart\UpKey.h">
      <Filter>FlowChart</Filter>
    </ClInclude>
    <ClInclude Include="FlowChart\VariableList.h">
      <Filter>FlowChart</Filter>
    </ClInclude>
    <ClInclude Include="FlowChart\VScrollActionFactory.h">
      <Filter>FlowChart</Filter>
    </ClInclude>
    <ClInclude Include="FlowChart\VScrollActions.h">
      <Filter>FlowChart</Filter>
    </ClInclude>
    <ClInclude Include="FlowChart\Zoom.h">
      <Filter>FlowChart</Filter>
    </ClInclude>
    <ClInclude Include="FlowChart\ZoomVisitor.h">
      <Filter>FlowChart</Filter>
    </ClInclude>
    <ClInclude Include="Notepad\Array.h">
      <Filter>Notepad</Filter>
    </ClInclude>
    <ClInclude Include="Notepad\Caret.h">
      <Filter>Notepad</Filter>
    </ClInclude>
    <ClInclude Include="Notepad\CaretController.h">
      <Filter>Notepad</Filter>
    </ClInclude>
    <ClInclude Include="Notepad\Character.h">
      <Filter>Notepad</Filter>
    </ClInclude>
    <ClInclude Include="Notepad\CharacterMetrics.h">
      <Filter>Notepad</Filter>
    </ClInclude>
    <ClInclude Include="Notepad\Command.h">
      <Filter>Notepad</Filter>
    </ClInclude>
    <ClInclude Include="Notepad\CommandFactory.h">
      <Filter>Notepad</Filter>
    </ClInclude>
    <ClInclude Include="Notepad\Composite.h">
      <Filter>Notepad</Filter>
    </ClInclude>
    <ClInclude Include="Notepad\Editor.h">
      <Filter>Notepad</Filter>
    </ClInclude>
    <ClInclude Include="Notepad\Font.h">
      <Filter>Notepad</Filter>
    </ClInclude>
    <ClInclude Include="Notepad\FontCommand.h">
      <Filter>Notepad</Filter>
    </ClInclude>
    <ClInclude Include="Notepad\Glyph.h">
      <Filter>Notepad</Filter>
    </ClInclude>
    <ClInclude Include="Notepad\GlyphFactory.h">
      <Filter>Notepad</Filter>
    </ClInclude>
    <ClInclude Include="Notepad\Highlight.h">
      <Filter>Notepad</Filter>
    </ClInclude>
    <ClInclude Include="Notepad\KeyActionFactory.h">
      <Filter>Notepad</Filter>
    </ClInclude>
    <ClInclude Include="Notepad\KeyActions.h">
      <Filter>Notepad</Filter>
    </ClInclude>
    <ClInclude Include="Notepad\Note.h">
      <Filter>Notepad</Filter>
    </ClInclude>
    <ClInclude Include="Notepad\NotepadForm.h">
      <Filter>Notepad</Filter>
    </ClInclude>
    <ClInclude Include="Notepad\Observer.h">
      <Filter>Notepad</Filter>
    </ClInclude>
    <ClInclude Include="Notepad\Row.h">
      <Filter>Notepad</Filter>
    </ClInclude>
    <ClInclude Include="Notepad\Scanner.h">
      <Filter>Notepad</Filter>
    </ClInclude>
    <ClInclude Include="Notepad\Selector.h">
      <Filter>Notepad</Filter>
    </ClInclude>
    <ClInclude Include="Notepad\Subject.h">
      <Filter>Notepad</Filter>
    </ClInclude>
    <ClInclude Include="FlowChart\Block.h">
      <Filter>FlowChart</Filter>
    </ClInclude>
  </ItemGroup>
  <ItemGroup>
    <QtUic Include="FlowChartEditor.ui">
      <Filter>Form Files</Filter>
    </QtUic>
  </ItemGroup>
  <ItemGroup>
    <QtMoc Include="FlowChartEditor.h">
      <Filter>FlowChart</Filter>
    </QtMoc>
    <QtMoc Include="FlowChart\DrawingPaper.h">
      <Filter>FlowChart</Filter>
    </QtMoc>
  </ItemGroup>
</Project>